
Microsoft Visual Studio Solution File, Format Version 12.00
# Visual Studio Version 16
VisualStudioVersion = 16.0.30104.148
MinimumVisualStudioVersion = 10.0.40219.1
Project("{2150E333-8FDC-42A3-9474-1A3956D46DE8}") = "src", "src", "{569EDCA1-5F01-4FD2-9A64-ED2DCE6C4419}"
EndProject
Project("{2150E333-8FDC-42A3-9474-1A3956D46DE8}") = "Services", "Services", "{2D14571F-1FD3-49BC-998A-3D732AE2E9DB}"
EndProject
Project("{FAE04EC0-301F-11D3-BF4B-00C04F79EFBC}") = "M3.BackgroundTasks", "M3.BackgroundTasks\M3.BackgroundTasks.csproj", "{46F28634-DF37-45E0-9C38-C0B9BB90D962}"
EndProject
Project("{FAE04EC0-301F-11D3-BF4B-00C04F79EFBC}") = "Repository.Dapper", "M3.Infra.Dapper\Repository.Dapper.csproj", "{8DA202E0-858B-4DB9-B416-34B79920D5DB}"
EndProject
Project("{FAE04EC0-301F-11D3-BF4B-00C04F79EFBC}") = "M3.Domain", "M3.Domain\M3.Domain.csproj", "{922944FE-55DF-49AF-8E97-ADB01A24BB0F}"
EndProject
Global
	GlobalSection(SolutionConfigurationPlatforms) = preSolution
		Debug|Any CPU = Debug|Any CPU
		Release|Any CPU = Release|Any CPU
	EndGlobalSection
	GlobalSection(ProjectConfigurationPlatforms) = postSolution
		{46F28634-DF37-45E0-9C38-C0B9BB90D962}.Debug|Any CPU.ActiveCfg = Debug|Any CPU
		{46F28634-DF37-45E0-9C38-C0B9BB90D962}.Debug|Any CPU.Build.0 = Debug|Any CPU
		{46F28634-DF37-45E0-9C38-C0B9BB90D962}.Release|Any CPU.ActiveCfg = Release|Any CPU
		{46F28634-DF37-45E0-9C38-C0B9BB90D962}.Release|Any CPU.Build.0 = Release|Any CPU
		{8DA202E0-858B-4DB9-B416-34B79920D5DB}.Debug|Any CPU.ActiveCfg = Debug|Any CPU
		{8DA202E0-858B-4DB9-B416-34B79920D5DB}.Debug|Any CPU.Build.0 = Debug|Any CPU
		{8DA202E0-858B-4DB9-B416-34B79920D5DB}.Release|Any CPU.ActiveCfg = Release|Any CPU
		{8DA202E0-858B-4DB9-B416-34B79920D5DB}.Release|Any CPU.Build.0 = Release|Any CPU
		{922944FE-55DF-49AF-8E97-ADB01A24BB0F}.Debug|Any CPU.ActiveCfg = Debug|Any CPU
		{922944FE-55DF-49AF-8E97-ADB01A24BB0F}.Debug|Any CPU.Build.0 = Debug|Any CPU
		{922944FE-55DF-49AF-8E97-ADB01A24BB0F}.Release|Any CPU.ActiveCfg = Release|Any CPU
		{922944FE-55DF-49AF-8E97-ADB01A24BB0F}.Release|Any CPU.Build.0 = Release|Any CPU
	EndGlobalSection
	GlobalSection(SolutionProperties) = preSolution
		HideSolutionNode = FALSE
	EndGlobalSection
	GlobalSection(NestedProjects) = preSolution
		{2D14571F-1FD3-49BC-998A-3D732AE2E9DB} = {569EDCA1-5F01-4FD2-9A64-ED2DCE6C4419}
		{46F28634-DF37-45E0-9C38-C0B9BB90D962} = {2D14571F-1FD3-49BC-998A-3D732AE2E9DB}
		{8DA202E0-858B-4DB9-B416-34B79920D5DB} = {2D14571F-1FD3-49BC-998A-3D732AE2E9DB}
		{922944FE-55DF-49AF-8E97-ADB01A24BB0F} = {2D14571F-1FD3-49BC-998A-3D732AE2E9DB}
	EndGlobalSection
	GlobalSection(ExtensibilityGlobals) = postSolution
		SolutionGuid = {72A55365-AB79-4A4A-9174-352DED7C5F2E}
	EndGlobalSection
EndGlobal
